
Microsoft Visual Studio Solution File, Format Version 12.00
# Visual Studio Version 17
VisualStudioVersion = 17.11.35312.102
MinimumVisualStudioVersion = 10.0.40219.1
Project("{9A19103F-16F7-4668-BE54-9A1E7A4F7556}") = "DeviceAPI", "DeviceAPI\DeviceAPI.csproj", "{8FAB6C64-A48D-46C7-A34A-A1B9835EBE87}"
EndProject
Project("{E53339B2-1760-4266-BCC7-CA923CBCF16C}") = "docker-compose", "docker-compose.dcproj", "{14431186-0931-4ED0-A647-927E453CACF9}"
EndProject
Global
	GlobalSection(SolutionConfigurationPlatforms) = preSolution
		Debug|Any CPU = Debug|Any CPU
		Release|Any CPU = Release|Any CPU
	EndGlobalSection
	GlobalSection(ProjectConfigurationPlatforms) = postSolution
		{8FAB6C64-A48D-46C7-A34A-A1B9835EBE87}.Debug|Any CPU.ActiveCfg = Debug|Any CPU
		{8FAB6C64-A48D-46C7-A34A-A1B9835EBE87}.Debug|Any CPU.Build.0 = Debug|Any CPU
		{8FAB6C64-A48D-46C7-A34A-A1B9835EBE87}.Release|Any CPU.ActiveCfg = Release|Any CPU
		{8FAB6C64-A48D-46C7-A34A-A1B9835EBE87}.Release|Any CPU.Build.0 = Release|Any CPU
		{14431186-0931-4ED0-A647-927E453CACF9}.Debug|Any CPU.ActiveCfg = Debug|Any CPU
		{14431186-0931-4ED0-A647-927E453CACF9}.Debug|Any CPU.Build.0 = Debug|Any CPU
		{14431186-0931-4ED0-A647-927E453CACF9}.Release|Any CPU.ActiveCfg = Release|Any CPU
		{14431186-0931-4ED0-A647-927E453CACF9}.Release|Any CPU.Build.0 = Release|Any CPU
	EndGlobalSection
	GlobalSection(SolutionProperties) = preSolution
		HideSolutionNode = FALSE
	EndGlobalSection
	GlobalSection(ExtensibilityGlobals) = postSolution
		SolutionGuid = {3712C7FE-8005-4123-96BC-84299D8BE0B8}
	EndGlobalSection
EndGlobal
